NeoBundleLock MatchTagAlways e59a8d1315343ff76802f0a44ff8b59e999d83f4
NeoBundleLock YouCompleteMe 5a186275a581b04bbdb7001475d946e30d0f80b4
NeoBundleLock ag.vim f05f31352689be245611c893b37652110f27a2c5
NeoBundleLock ctrlp.vim b5d3fe66a58a13d2ff8b6391f4387608496a030f
NeoBundleLock delimitMate c78a6e6d937333fed276bddc4589f6313e277a8e
NeoBundleLock emmet-vim 1c46c5fb775606621906f0bedc8da8bc636c1dac
NeoBundleLock haproxy.vim 398cf0718fd3ff03057af2300e2a45ea4b8300f8
NeoBundleLock neobundle.vim 033911a11c55d0eb0b36edc60854e27436311a55
NeoBundleLock nerdcommenter 6549cfde45339bd4f711504196ff3e8b766ef5e6
NeoBundleLock nerdtree 3b98a7fcae8f9fff356907171f0406ff8cd28921
NeoBundleLock rainbow_parentheses.vim eb8baa5428bde10ecc1cb14eed1d6e16f5f24695
NeoBundleLock ri.vim 2c94762086c004b8390afaf84e6b4d1c32399f16
NeoBundleLock supertab c8bfeceb1fc92ad58f2ae6967cbfcd6fbcb0d6e7
NeoBundleLock syntastic 9af644dace47bb6692dd7364eb066e50c5f710b9
NeoBundleLock tagbar c6b473f5593a1cb9e567bb1a9a897f196f1f720a
NeoBundleLock ultisnips 9587d9daa40d349cbcb1d7d508d80ec3f3bf5a83
NeoBundleLock undotree fa018f38252f58073f2987f8bf0d2d4a61e07277
NeoBundleLock vim-buffergator 77cfdd127fcf026ea2d5e8f5aaf85502286b16b7
NeoBundleLock vim-colorscheme-switcher 4d9807a5a8948c18b5f3f278685269565c8e2508
NeoBundleLock vim-colorschemes 81c6dd7ce3169e5ad9ba92422ba6e1ce5b074e36
NeoBundleLock vim-easy-align c62d124be614de65922b15d468c4049d1eee9353
NeoBundleLock vim-easymotion 9f1c449edfce6d61c7f620e3a9c1389b7b7e334f
NeoBundleLock vim-endwise bba43b831ae0485cf9b86d16340a6a314b927391
NeoBundleLock vim-fugitive 4cc201cbe3a0c3faa4cde1b82ba941d410e5e81c
NeoBundleLock vim-go 0b2518fcd5dd5de44b79290a3e9e6578f208b960
NeoBundleLock vim-less 902870b38df5f22803532141f11a82c74bed5ab5
NeoBundleLock vim-misc 8076e726cc3953265353667f1fd1eec9d6767af6
NeoBundleLock vim-multiple-cursors 5d23963be369ca9be878c6d64ed52263676f2a60
NeoBundleLock vim-powerline 09c0cea859a2e0989eea740655b35976d951a84e
NeoBundleLock vim-puppet d881b93dc4a8ed1374ad44439aeeb47808a6b91a
NeoBundleLock vim-rails 910e1d98621444833ef5470d4f304a4d32d1672a
NeoBundleLock vim-ruby 70ef0ded00671cff4b8c5e0bf286c147428937a9
NeoBundleLock vim-sneak 0f033073503a2e2565c55b741e35d2a262731540
NeoBundleLock vim-snippets 58f5da49c189d2079ab0159388bbdb3cdeb2dd9b
NeoBundleLock vim-surround 772ab9587b7d1e2c3bae75395c9123803059ba8a
NeoBundleLock vim-textobj-rubyblock b5b84e49e609439e81aa03fa8e605a6097185665
NeoBundleLock vim-textobj-user 6b7255e4e0cb40cf8344b80050a12c0fed785e23
NeoBundleLock vim-unimpaired 3548479cc154154cbdbb6737ca08a47937cc7113
NeoBundleLock vimshell 3787e52766812d8b99a93ccdda57517bc2a0bab6
